
Microsoft Visual Studio Solution File, Format Version 12.00
# Visual Studio Version 17
VisualStudioVersion = 17.5.002.0
MinimumVisualStudioVersion = 10.0.40219.1
Project("{9A19103F-16F7-4668-BE54-9A1E7A4F7556}") = "NinetiesTV", "NinetiesTV.csproj", "{C64402E3-2F4D-4D4B-9FE3-590EA951D8E0}"
EndProject
Global
	GlobalSection(SolutionConfigurationPlatforms) = preSolution
		Debug|Any CPU = Debug|Any CPU
		Release|Any CPU = Release|Any CPU
	EndGlobalSection
	GlobalSection(ProjectConfigurationPlatforms) = postSolution
		{C64402E3-2F4D-4D4B-9FE3-590EA951D8E0}.Debug|Any CPU.ActiveCfg = Debug|Any CPU
		{C64402E3-2F4D-4D4B-9FE3-590EA951D8E0}.Debug|Any CPU.Build.0 = Debug|Any CPU
		{C64402E3-2F4D-4D4B-9FE3-590EA951D8E0}.Release|Any CPU.ActiveCfg = Release|Any CPU
		{C64402E3-2F4D-4D4B-9FE3-590EA951D8E0}.Release|Any CPU.Build.0 = Release|Any CPU
	EndGlobalSection
	GlobalSection(SolutionProperties) = preSolution
		HideSolutionNode = FALSE
	EndGlobalSection
	GlobalSection(ExtensibilityGlobals) = postSolution
		SolutionGuid = {05A364A0-22D2-4D84-9206-4B2B8F5DF768}
	EndGlobalSection
EndGlobal
